// !$*UTF8*$!
{
	archiveVersion = 1;
	classes = {
	};
	objectVersion = 56;
	objects = {

/* Begin PBXBuildFile section */
		7AB561162B17EC950096444B /* CalendoneAppApp.swift in Sources */ = {isa = PBXBuildFile; fileRef = 7AB561152B17EC950096444B /* CalendoneAppApp.swift */; };
		7AB561182B17EC950096444B /* MainView.swift in Sources */ = {isa = PBXBuildFile; fileRef = 7AB561172B17EC950096444B /* MainView.swift */; };
		7AB5611A2B17EC960096444B /* Assets.xcassets in Resources */ = {isa = PBXBuildFile; fileRef = 7AB561192B17EC960096444B /* Assets.xcassets */; };
		7AB5611D2B17EC960096444B /* Preview Assets.xcassets in Resources */ = {isa = PBXBuildFile; fileRef = 7AB5611C2B17EC960096444B /* Preview Assets.xcassets */; };
		7AC971702B62F6210065BE50 /* FirebaseAnalytics in Frameworks */ = {isa = PBXBuildFile; productRef = 7AC9716F2B62F6210065BE50 /* FirebaseAnalytics */; };
		7AC971722B62F6210065BE50 /* FirebaseAnalyticsOnDeviceConversion in Frameworks */ = {isa = PBXBuildFile; productRef = 7AC971712B62F6210065BE50 /* FirebaseAnalyticsOnDeviceConversion */; };
		7AC971742B62F6210065BE50 /* FirebaseAnalyticsSwift in Frameworks */ = {isa = PBXBuildFile; productRef = 7AC971732B62F6210065BE50 /* FirebaseAnalyticsSwift */; };
		7AC971762B62F6210065BE50 /* FirebaseAnalyticsWithoutAdIdSupport in Frameworks */ = {isa = PBXBuildFile; productRef = 7AC971752B62F6210065BE50 /* FirebaseAnalyticsWithoutAdIdSupport */; };
		7AC971782B62F6210065BE50 /* FirebaseAppCheck in Frameworks */ = {isa = PBXBuildFile; productRef = 7AC971772B62F6210065BE50 /* FirebaseAppCheck */; };
		7AC9717A2B62F70B0065BE50 /* GoogleService-Info.plist in Resources */ = {isa = PBXBuildFile; fileRef = 7AC971792B62F70B0065BE50 /* GoogleService-Info.plist */; };
		7AC9717C2B62F8270065BE50 /* User.swift in Sources */ = {isa = PBXBuildFile; fileRef = 7AC9717B2B62F8270065BE50 /* User.swift */; };
		7AC9717E2B62F8590065BE50 /* EventItem.swift in Sources */ = {isa = PBXBuildFile; fileRef = 7AC9717D2B62F8590065BE50 /* EventItem.swift */; };
		7AC971802B62F8810065BE50 /* MainViewViewModel.swift in Sources */ = {isa = PBXBuildFile; fileRef = 7AC9717F2B62F8810065BE50 /* MainViewViewModel.swift */; };
		7AC971822B62F8B00065BE50 /* StartViewViewModel.swift in Sources */ = {isa = PBXBuildFile; fileRef = 7AC971812B62F8B00065BE50 /* StartViewViewModel.swift */; };
		7AC971842B62F8C00065BE50 /* LoginViewViewModel.swift in Sources */ = {isa = PBXBuildFile; fileRef = 7AC971832B62F8C00065BE50 /* LoginViewViewModel.swift */; };
		7AC971862B62F8E70065BE50 /* SignupViewViewModel.swift in Sources */ = {isa = PBXBuildFile; fileRef = 7AC971852B62F8E70065BE50 /* SignupViewViewModel.swift */; };
		7AC971882B62F8FA0065BE50 /* DayViewViewModel.swift in Sources */ = {isa = PBXBuildFile; fileRef = 7AC971872B62F8FA0065BE50 /* DayViewViewModel.swift */; };
		7AC9718A2B62F9070065BE50 /* CalendarViewViewModel.swift in Sources */ = {isa = PBXBuildFile; fileRef = 7AC971892B62F9070065BE50 /* CalendarViewViewModel.swift */; };
		7AC9718C2B62F9170065BE50 /* ProfileViewViewModel.swift in Sources */ = {isa = PBXBuildFile; fileRef = 7AC9718B2B62F9170065BE50 /* ProfileViewViewModel.swift */; };
		7AC9718E2B62F93A0065BE50 /* NewEventViewViewModel.swift in Sources */ = {isa = PBXBuildFile; fileRef = 7AC9718D2B62F93A0065BE50 /* NewEventViewViewModel.swift */; };
		7AC971902B63107C0065BE50 /* StartView.swift in Sources */ = {isa = PBXBuildFile; fileRef = 7AC9718F2B63107C0065BE50 /* StartView.swift */; };
		7AC971922B6310AA0065BE50 /* LoginView.swift in Sources */ = {isa = PBXBuildFile; fileRef = 7AC971912B6310AA0065BE50 /* LoginView.swift */; };
		7AC971942B6310F40065BE50 /* SignupView.swift in Sources */ = {isa = PBXBuildFile; fileRef = 7AC971932B6310F40065BE50 /* SignupView.swift */; };
		7AC971962B6311060065BE50 /* DayView.swift in Sources */ = {isa = PBXBuildFile; fileRef = 7AC971952B6311060065BE50 /* DayView.swift */; };
		7AC971982B63112C0065BE50 /* CalendarView.swift in Sources */ = {isa = PBXBuildFile; fileRef = 7AC971972B63112C0065BE50 /* CalendarView.swift */; };
		7AC9719A2B6311450065BE50 /* ProfileView.swift in Sources */ = {isa = PBXBuildFile; fileRef = 7AC971992B6311450065BE50 /* ProfileView.swift */; };
		7AC9719C2B63115C0065BE50 /* NewEventView.swift in Sources */ = {isa = PBXBuildFile; fileRef = 7AC9719B2B63115C0065BE50 /* NewEventView.swift */; };
		7AC9719E2B6313010065BE50 /* HeaderView.swift in Sources */ = {isa = PBXBuildFile; fileRef = 7AC9719D2B6313010065BE50 /* HeaderView.swift */; };
		7AC971A02B631D920065BE50 /* Extensions.swift in Sources */ = {isa = PBXBuildFile; fileRef = 7AC9719F2B631D920065BE50 /* Extensions.swift */; };
/* End PBXBuildFile section */

/* Begin PBXFileReference section */
		7AB561122B17EC950096444B /* Calendone.app */ = {isa = PBXFileReference; explicitFileType = wrapper.application; includeInIndex = 0; path = Calendone.app; sourceTree = BUILT_PRODUCTS_DIR; };
		7AB561152B17EC950096444B /* CalendoneAppApp.swift */ = {isa = PBXFileReference; lastKnownFileType = sourcecode.swift; path = CalendoneAppApp.swift; sourceTree = "<group>"; };
		7AB561172B17EC950096444B /* MainView.swift */ = {isa = PBXFileReference; lastKnownFileType = sourcecode.swift; path = MainView.swift; sourceTree = "<group>"; };
		7AB561192B17EC960096444B /* Assets.xcassets */ = {isa = PBXFileReference; lastKnownFileType = folder.assetcatalog; path = Assets.xcassets; sourceTree = "<group>"; };
		7AB5611C2B17EC960096444B /* Preview Assets.xcassets */ = {isa = PBXFileReference; lastKnownFileType = folder.assetcatalog; path = "Preview Assets.xcassets"; sourceTree = "<group>"; };
		7AC971792B62F70B0065BE50 /* GoogleService-Info.plist */ = {isa = PBXFileReference; fileEncoding = 4; lastKnownFileType = text.plist.xml; path = "GoogleService-Info.plist"; sourceTree = "<group>"; };
		7AC9717B2B62F8270065BE50 /* User.swift */ = {isa = PBXFileReference; lastKnownFileType = sourcecode.swift; path = User.swift; sourceTree = "<group>"; };
		7AC9717D2B62F8590065BE50 /* EventItem.swift */ = {isa = PBXFileReference; lastKnownFileType = sourcecode.swift; path = EventItem.swift; sourceTree = "<group>"; };
		7AC9717F2B62F8810065BE50 /* MainViewViewModel.swift */ = {isa = PBXFileReference; lastKnownFileType = sourcecode.swift; path = MainViewViewModel.swift; sourceTree = "<group>"; };
		7AC971812B62F8B00065BE50 /* StartViewViewModel.swift */ = {isa = PBXFileReference; lastKnownFileType = sourcecode.swift; path = StartViewViewModel.swift; sourceTree = "<group>"; };
		7AC971832B62F8C00065BE50 /* LoginViewViewModel.swift */ = {isa = PBXFileReference; lastKnownFileType = sourcecode.swift; path = LoginViewViewModel.swift; sourceTree = "<group>"; };
		7AC971852B62F8E70065BE50 /* SignupViewViewModel.swift */ = {isa = PBXFileReference; lastKnownFileType = sourcecode.swift; path = SignupViewViewModel.swift; sourceTree = "<group>"; };
		7AC971872B62F8FA0065BE50 /* DayViewViewModel.swift */ = {isa = PBXFileReference; lastKnownFileType = sourcecode.swift; path = DayViewViewModel.swift; sourceTree = "<group>"; };
		7AC971892B62F9070065BE50 /* CalendarViewViewModel.swift */ = {isa = PBXFileReference; lastKnownFileType = sourcecode.swift; path = CalendarViewViewModel.swift; sourceTree = "<group>"; };
		7AC9718B2B62F9170065BE50 /* ProfileViewViewModel.swift */ = {isa = PBXFileReference; lastKnownFileType = sourcecode.swift; path = ProfileViewViewModel.swift; sourceTree = "<group>"; };
		7AC9718D2B62F93A0065BE50 /* NewEventViewViewModel.swift */ = {isa = PBXFileReference; lastKnownFileType = sourcecode.swift; path = NewEventViewViewModel.swift; sourceTree = "<group>"; };
		7AC9718F2B63107C0065BE50 /* StartView.swift */ = {isa = PBXFileReference; lastKnownFileType = sourcecode.swift; path = StartView.swift; sourceTree = "<group>"; };
		7AC971912B6310AA0065BE50 /* LoginView.swift */ = {isa = PBXFileReference; lastKnownFileType = sourcecode.swift; path = LoginView.swift; sourceTree = "<group>"; };
		7AC971932B6310F40065BE50 /* SignupView.swift */ = {isa = PBXFileReference; lastKnownFileType = sourcecode.swift; path = SignupView.swift; sourceTree = "<group>"; };
		7AC971952B6311060065BE50 /* DayView.swift */ = {isa = PBXFileReference; lastKnownFileType = sourcecode.swift; path = DayView.swift; sourceTree = "<group>"; };
		7AC971972B63112C0065BE50 /* CalendarView.swift */ = {isa = PBXFileReference; lastKnownFileType = sourcecode.swift; path = CalendarView.swift; sourceTree = "<group>"; };
		7AC971992B6311450065BE50 /* ProfileView.swift */ = {isa = PBXFileReference; lastKnownFileType = sourcecode.swift; path = ProfileView.swift; sourceTree = "<group>"; };
		7AC9719B2B63115C0065BE50 /* NewEventView.swift */ = {isa = PBXFileReference; lastKnownFileType = sourcecode.swift; path = NewEventView.swift; sourceTree = "<group>"; };
		7AC9719D2B6313010065BE50 /* HeaderView.swift */ = {isa = PBXFileReference; lastKnownFileType = sourcecode.swift; path = HeaderView.swift; sourceTree = "<group>"; };
		7AC9719F2B631D920065BE50 /* Extensions.swift */ = {isa = PBXFileReference; lastKnownFileType = sourcecode.swift; path = Extensions.swift; sourceTree = "<group>"; };
/* End PBXFileReference section */

/* Begin PBXFrameworksBuildPhase section */
		7AB5610F2B17EC950096444B /* Frameworks */ = {
			isa = PBXFrameworksBuildPhase;
			buildActionMask = 2147483647;
			files = (
				7AC971742B62F6210065BE50 /* FirebaseAnalyticsSwift in Frameworks */,
				7AC971702B62F6210065BE50 /* FirebaseAnalytics in Frameworks */,
				7AC971722B62F6210065BE50 /* FirebaseAnalyticsOnDeviceConversion in Frameworks */,
				7AC971782B62F6210065BE50 /* FirebaseAppCheck in Frameworks */,
				7AC971762B62F6210065BE50 /* FirebaseAnalyticsWithoutAdIdSupport in Frameworks */,
			);
			runOnlyForDeploymentPostprocessing = 0;
		};
/* End PBXFrameworksBuildPhase section */

/* Begin PBXGroup section */
		7AB561092B17EC950096444B = {
			isa = PBXGroup;
			children = (
				7AB561142B17EC950096444B /* CalendoneApp */,
				7AB561132B17EC950096444B /* Products */,
			);
			sourceTree = "<group>";
		};
		7AB561132B17EC950096444B /* Products */ = {
			isa = PBXGroup;
			children = (
				7AB561122B17EC950096444B /* Calendone.app */,
			);
			name = Products;
			sourceTree = "<group>";
		};
		7AB561142B17EC950096444B /* CalendoneApp */ = {
			isa = PBXGroup;
			children = (
				7AB561242B17EE7C0096444B /* Views */,
				7AC9716C2B62F4880065BE50 /* ViewModels */,
				7AB561232B17EE750096444B /* Models */,
				7AC9716D2B62F58E0065BE50 /* Others */,
				7AB5611B2B17EC960096444B /* Preview Content */,
			);
			path = CalendoneApp;
			sourceTree = "<group>";
		};
		7AB5611B2B17EC960096444B /* Preview Content */ = {
			isa = PBXGroup;
			children = (
				7AB5611C2B17EC960096444B /* Preview Assets.xcassets */,
			);
			path = "Preview Content";
			sourceTree = "<group>";
		};
		7AB561232B17EE750096444B /* Models */ = {
			isa = PBXGroup;
			children = (
				7AC9717B2B62F8270065BE50 /* User.swift */,
				7AC9717D2B62F8590065BE50 /* EventItem.swift */,
			);
			path = Models;
			sourceTree = "<group>";
		};
		7AB561242B17EE7C0096444B /* Views */ = {
			isa = PBXGroup;
			children = (
				7AB561172B17EC950096444B /* MainView.swift */,
				7AC9718F2B63107C0065BE50 /* StartView.swift */,
				7AC971912B6310AA0065BE50 /* LoginView.swift */,
				7AC9719D2B6313010065BE50 /* HeaderView.swift */,
				7AC971932B6310F40065BE50 /* SignupView.swift */,
				7AC971952B6311060065BE50 /* DayView.swift */,
				7AC971972B63112C0065BE50 /* CalendarView.swift */,
				7AC971992B6311450065BE50 /* ProfileView.swift */,
				7AC9719B2B63115C0065BE50 /* NewEventView.swift */,
			);
			path = Views;
			sourceTree = "<group>";
		};
		7AC9716C2B62F4880065BE50 /* ViewModels */ = {
			isa = PBXGroup;
			children = (
				7AC9717F2B62F8810065BE50 /* MainViewViewModel.swift */,
				7AC971812B62F8B00065BE50 /* StartViewViewModel.swift */,
				7AC971832B62F8C00065BE50 /* LoginViewViewModel.swift */,
				7AC971852B62F8E70065BE50 /* SignupViewViewModel.swift */,
				7AC971872B62F8FA0065BE50 /* DayViewViewModel.swift */,
				7AC971892B62F9070065BE50 /* CalendarViewViewModel.swift */,
				7AC9718B2B62F9170065BE50 /* ProfileViewViewModel.swift */,
				7AC9718D2B62F93A0065BE50 /* NewEventViewViewModel.swift */,
			);
			path = ViewModels;
			sourceTree = "<group>";
		};
		7AC9716D2B62F58E0065BE50 /* Others */ = {
			isa = PBXGroup;
			children = (
				7AC971792B62F70B0065BE50 /* GoogleService-Info.plist */,
				7AB561192B17EC960096444B /* Assets.xcassets */,
				7AB561152B17EC950096444B /* CalendoneAppApp.swift */,
				7AC9719F2B631D920065BE50 /* Extensions.swift */,
			);
			path = Others;
			sourceTree = "<group>";
		};
/* End PBXGroup section */

/* Begin PBXNativeTarget section */
		7AB561112B17EC950096444B /* Calendone */ = {
			isa = PBXNativeTarget;
			buildConfigurationList = 7AB561202B17EC960096444B /* Build configuration list for PBXNativeTarget "Calendone" */;
			buildPhases = (
				7AB5610E2B17EC950096444B /* Sources */,
				7AB5610F2B17EC950096444B /* Frameworks */,
				7AB561102B17EC950096444B /* Resources */,
			);
			buildRules = (
			);
			dependencies = (
			);
			name = Calendone;
			packageProductDependencies = (
				7AC9716F2B62F6210065BE50 /* FirebaseAnalytics */,
				7AC971712B62F6210065BE50 /* FirebaseAnalyticsOnDeviceConversion */,
				7AC971732B62F6210065BE50 /* FirebaseAnalyticsSwift */,
				7AC971752B62F6210065BE50 /* FirebaseAnalyticsWithoutAdIdSupport */,
				7AC971772B62F6210065BE50 /* FirebaseAppCheck */,
			);
			productName = CalendoneApp;
			productReference = 7AB561122B17EC950096444B /* Calendone.app */;
			productType = "com.apple.product-type.application";
		};
/* End PBXNativeTarget section */

/* Begin PBXProject section */
		7AB5610A2B17EC950096444B /* Project object */ = {
			isa = PBXProject;
			attributes = {
				BuildIndependentTargetsInParallel = 1;
				LastSwiftUpdateCheck = 1500;
				LastUpgradeCheck = 1500;
				TargetAttributes = {
					7AB561112B17EC950096444B = {
						CreatedOnToolsVersion = 15.0.1;
					};
				};
			};
			buildConfigurationList = 7AB5610D2B17EC950096444B /* Build configuration list for PBXProject "Calendone" */;
			compatibilityVersion = "Xcode 14.0";
			developmentRegion = en;
			hasScannedForEncodings = 0;
			knownRegions = (
				en,
				Base,
			);
			mainGroup = 7AB561092B17EC950096444B;
			packageReferences = (
				7AC9716E2B62F6210065BE50 /* XCRemoteSwiftPackageReference "firebase-ios-sdk" */,
			);
			productRefGroup = 7AB561132B17EC950096444B /* Products */;
			projectDirPath = "";
			projectRoot = "";
			targets = (
				7AB561112B17EC950096444B /* Calendone */,
			);
		};
/* End PBXProject section */

/* Begin PBXResourcesBuildPhase section */
		7AB561102B17EC950096444B /* Resources */ = {
			isa = PBXResourcesBuildPhase;
			buildActionMask = 2147483647;
			files = (
				7AB5611D2B17EC960096444B /* Preview Assets.xcassets in Resources */,
				7AB5611A2B17EC960096444B /* Assets.xcassets in Resources */,
				7AC9717A2B62F70B0065BE50 /* GoogleService-Info.plist in Resources */,
			);
			runOnlyForDeploymentPostprocessing = 0;
		};
/* End PBXResourcesBuildPhase section */

/* Begin PBXSourcesBuildPhase section */
		7AB5610E2B17EC950096444B /* Sources */ = {
			isa = PBXSourcesBuildPhase;
			buildActionMask = 2147483647;
			files = (
				7AB561182B17EC950096444B /* MainView.swift in Sources */,
				7AC971962B6311060065BE50 /* DayView.swift in Sources */,
				7AC9719C2B63115C0065BE50 /* NewEventView.swift in Sources */,
				7AC9718A2B62F9070065BE50 /* CalendarViewViewModel.swift in Sources */,
				7AC971982B63112C0065BE50 /* CalendarView.swift in Sources */,
				7AC971862B62F8E70065BE50 /* SignupViewViewModel.swift in Sources */,
				7AC971882B62F8FA0065BE50 /* DayViewViewModel.swift in Sources */,
				7AC971842B62F8C00065BE50 /* LoginViewViewModel.swift in Sources */,
				7AC971902B63107C0065BE50 /* StartView.swift in Sources */,
				7AC9718E2B62F93A0065BE50 /* NewEventViewViewModel.swift in Sources */,
				7AB561162B17EC950096444B /* CalendoneAppApp.swift in Sources */,
				7AC9719A2B6311450065BE50 /* ProfileView.swift in Sources */,
				7AC971922B6310AA0065BE50 /* LoginView.swift in Sources */,
				7AC971A02B631D920065BE50 /* Extensions.swift in Sources */,
				7AC971942B6310F40065BE50 /* SignupView.swift in Sources */,
				7AC971822B62F8B00065BE50 /* StartViewViewModel.swift in Sources */,
				7AC9719E2B6313010065BE50 /* HeaderView.swift in Sources */,
				7AC9718C2B62F9170065BE50 /* ProfileViewViewModel.swift in Sources */,
				7AC9717C2B62F8270065BE50 /* User.swift in Sources */,
				7AC971802B62F8810065BE50 /* MainViewViewModel.swift in Sources */,
				7AC9717E2B62F8590065BE50 /* EventItem.swift in Sources */,
			);
			runOnlyForDeploymentPostprocessing = 0;
		};
/* End PBXSourcesBuildPhase section */

/* Begin XCBuildConfiguration section */
		7AB5611E2B17EC960096444B /* Debug */ = {
			isa = XCBuildConfiguration;
			buildSettings = {
				ALWAYS_SEARCH_USER_PATHS = NO;
				ASSETCATALOG_COMPILER_GENERATE_SWIFT_ASSET_SYMBOL_EXTENSIONS = YES;
				CLANG_ANALYZER_NONNULL = YES;
				CLANG_ANALYZER_NUMBER_OBJECT_CONVERSION = YES_AGGRESSIVE;
				CLANG_CXX_LANGUAGE_STANDARD = "gnu++20";
				CLANG_ENABLE_MODULES = YES;
				CLANG_ENABLE_OBJC_ARC = YES;
				CLANG_ENABLE_OBJC_WEAK = YES;
				CLANG_WARN_BLOCK_CAPTURE_AUTORELEASING = YES;
				CLANG_WARN_BOOL_CONVERSION = YES;
				CLANG_WARN_COMMA = YES;
				CLANG_WARN_CONSTANT_CONVERSION = YES;
				CLANG_WARN_DEPRECATED_OBJC_IMPLEMENTATIONS = YES;
				CLANG_WARN_DIRECT_OBJC_ISA_USAGE = YES_ERROR;
				CLANG_WARN_DOCUMENTATION_COMMENTS = YES;
				CLANG_WARN_EMPTY_BODY = YES;
				CLANG_WARN_ENUM_CONVERSION = YES;
				CLANG_WARN_INFINITE_RECURSION = YES;
				CLANG_WARN_INT_CONVERSION = YES;
				CLANG_WARN_NON_LITERAL_NULL_CONVERSION = YES;
				CLANG_WARN_OBJC_IMPLICIT_RETAIN_SELF = YES;
				CLANG_WARN_OBJC_LITERAL_CONVERSION = YES;
				CLANG_WARN_OBJC_ROOT_CLASS = YES_ERROR;
				CLANG_WARN_QUOTED_INCLUDE_IN_FRAMEWORK_HEADER = YES;
				CLANG_WARN_RANGE_LOOP_ANALYSIS = YES;
				CLANG_WARN_STRICT_PROTOTYPES = YES;
				CLANG_WARN_SUSPICIOUS_MOVE = YES;
				CLANG_WARN_UNGUARDED_AVAILABILITY = YES_AGGRESSIVE;
				CLANG_WARN_UNREACHABLE_CODE = YES;
				CLANG_WARN__DUPLICATE_METHOD_MATCH = YES;
				COPY_PHASE_STRIP = NO;
				DEBUG_INFORMATION_FORMAT = dwarf;
				ENABLE_STRICT_OBJC_MSGSEND = YES;
				ENABLE_TESTABILITY = YES;
				ENABLE_USER_SCRIPT_SANDBOXING = YES;
				GCC_C_LANGUAGE_STANDARD = gnu17;
				GCC_DYNAMIC_NO_PIC = NO;
				GCC_NO_COMMON_BLOCKS = YES;
				GCC_OPTIMIZATION_LEVEL = 0;
				GCC_PREPROCESSOR_DEFINITIONS = (
					"DEBUG=1",
					"$(inherited)",
				);
				GCC_WARN_64_TO_32_BIT_CONVERSION = YES;
				GCC_WARN_ABOUT_RETURN_TYPE = YES_ERROR;
				GCC_WARN_UNDECLARED_SELECTOR = YES;
				GCC_WARN_UNINITIALIZED_AUTOS = YES_AGGRESSIVE;
				GCC_WARN_UNUSED_FUNCTION = YES;
				GCC_WARN_UNUSED_VARIABLE = YES;
				IPHONEOS_DEPLOYMENT_TARGET = 17.0;
				LOCALIZATION_PREFERS_STRING_CATALOGS = YES;
				MTL_ENABLE_DEBUG_INFO = INCLUDE_SOURCE;
				MTL_FAST_MATH = YES;
				ONLY_ACTIVE_ARCH = YES;
				SDKROOT = iphoneos;
				SWIFT_ACTIVE_COMPILATION_CONDITIONS = "DEBUG $(inherited)";
				SWIFT_OPTIMIZATION_LEVEL = "-Onone";
			};
			name = Debug;
		};
		7AB5611F2B17EC960096444B /* Release */ = {
			isa = XCBuildConfiguration;
			buildSettings = {
				ALWAYS_SEARCH_USER_PATHS = NO;
				ASSETCATALOG_COMPILER_GENERATE_SWIFT_ASSET_SYMBOL_EXTENSIONS = YES;
				CLANG_ANALYZER_NONNULL = YES;
				CLANG_ANALYZER_NUMBER_OBJECT_CONVERSION = YES_AGGRESSIVE;
				CLANG_CXX_LANGUAGE_STANDARD = "gnu++20";
				CLANG_ENABLE_MODULES = YES;
				CLANG_ENABLE_OBJC_ARC = YES;
				CLANG_ENABLE_OBJC_WEAK = YES;
				CLANG_WARN_BLOCK_CAPTURE_AUTORELEASING = YES;
				CLANG_WARN_BOOL_CONVERSION = YES;
				CLANG_WARN_COMMA = YES;
				CLANG_WARN_CONSTANT_CONVERSION = YES;
				CLANG_WARN_DEPRECATED_OBJC_IMPLEMENTATIONS = YES;
				CLANG_WARN_DIRECT_OBJC_ISA_USAGE = YES_ERROR;
				CLANG_WARN_DOCUMENTATION_COMMENTS = YES;
				CLANG_WARN_EMPTY_BODY = YES;
				CLANG_WARN_ENUM_CONVERSION = YES;
				CLANG_WARN_INFINITE_RECURSION = YES;
				CLANG_WARN_INT_CONVERSION = YES;
				CLANG_WARN_NON_LITERAL_NULL_CONVERSION = YES;
				CLANG_WARN_OBJC_IMPLICIT_RETAIN_SELF = YES;
				CLANG_WARN_OBJC_LITERAL_CONVERSION = YES;
				CLANG_WARN_OBJC_ROOT_CLASS = YES_ERROR;
				CLANG_WARN_QUOTED_INCLUDE_IN_FRAMEWORK_HEADER = YES;
				CLANG_WARN_RANGE_LOOP_ANALYSIS = YES;
				CLANG_WARN_STRICT_PROTOTYPES = YES;
				CLANG_WARN_SUSPICIOUS_MOVE = YES;
				CLANG_WARN_UNGUARDED_AVAILABILITY = YES_AGGRESSIVE;
				CLANG_WARN_UNREACHABLE_CODE = YES;
				CLANG_WARN__DUPLICATE_METHOD_MATCH = YES;
				COPY_PHASE_STRIP = NO;
				DEBUG_INFORMATION_FORMAT = "dwarf-with-dsym";
				ENABLE_NS_ASSERTIONS = NO;
				ENABLE_STRICT_OBJC_MSGSEND = YES;
				ENABLE_USER_SCRIPT_SANDBOXING = YES;
				GCC_C_LANGUAGE_STANDARD = gnu17;
				GCC_NO_COMMON_BLOCKS = YES;
				GCC_WARN_64_TO_32_BIT_CONVERSION = YES;
				GCC_WARN_ABOUT_RETURN_TYPE = YES_ERROR;
				GCC_WARN_UNDECLARED_SELECTOR = YES;
				GCC_WARN_UNINITIALIZED_AUTOS = YES_AGGRESSIVE;
				GCC_WARN_UNUSED_FUNCTION = YES;
				GCC_WARN_UNUSED_VARIABLE = YES;
				IPHONEOS_DEPLOYMENT_TARGET = 17.0;
				LOCALIZATION_PREFERS_STRING_CATALOGS = YES;
				MTL_ENABLE_DEBUG_INFO = NO;
				MTL_FAST_MATH = YES;
				SDKROOT = iphoneos;
				SWIFT_COMPILATION_MODE = wholemodule;
				VALIDATE_PRODUCT = YES;
			};
			name = Release;
		};
		7AB561212B17EC960096444B /* Debug */ = {
			isa = XCBuildConfiguration;
			buildSettings = {
				ASSETCATALOG_COMPILER_APPICON_NAME = AppIcon;
				ASSETCATALOG_COMPILER_GLOBAL_ACCENT_COLOR_NAME = AccentColor;
				CODE_SIGN_STYLE = Automatic;
				CURRENT_PROJECT_VERSION = 1;
				DEVELOPMENT_ASSET_PATHS = "\"CalendoneApp/Preview Content\"";
				ENABLE_PREVIEWS = YES;
				GENERATE_INFOPLIST_FILE = YES;
				INFOPLIST_KEY_UIApplicationSceneManifest_Generation = YES;
				INFOPLIST_KEY_UIApplicationSupportsIndirectInputEvents = YES;
				INFOPLIST_KEY_UILaunchScreen_Generation = YES;
				INFOPLIST_KEY_UISupportedInterfaceOrientations_iPad = "UIInterfaceOrientationPortrait UIInterfaceOrientationPortraitUpsideDown UIInterfaceOrientationLandscapeLeft UIInterfaceOrientationLandscapeRight";
				INFOPLIST_KEY_UISupportedInterfaceOrientations_iPhone = "UIInterfaceOrientationPortrait UIInterfaceOrientationLandscapeLeft UIInterfaceOrientationLandscapeRight";
				LD_RUNPATH_SEARCH_PATHS = (
					"$(inherited)",
					"@executable_path/Frameworks",
				);
				MARKETING_VERSION = 1.0;
				PRODUCT_BUNDLE_IDENTIFIER = com.calendone.CalendoneApp;
				PRODUCT_NAME = "$(TARGET_NAME)";
				SWIFT_EMIT_LOC_STRINGS = YES;
				SWIFT_VERSION = 5.0;
				TARGETED_DEVICE_FAMILY = "1,2";
			};
			name = Debug;
		};
		7AB561222B17EC960096444B /* Release */ = {
			isa = XCBuildConfiguration;
			buildSettings = {
				ASSETCATALOG_COMPILER_APPICON_NAME = AppIcon;
				ASSETCATALOG_COMPILER_GLOBAL_ACCENT_COLOR_NAME = AccentColor;
				CODE_SIGN_STYLE = Automatic;
				CURRENT_PROJECT_VERSION = 1;
				DEVELOPMENT_ASSET_PATHS = "\"CalendoneApp/Preview Content\"";
				ENABLE_PREVIEWS = YES;
				GENERATE_INFOPLIST_FILE = YES;
				INFOPLIST_KEY_UIApplicationSceneManifest_Generation = YES;
				INFOPLIST_KEY_UIApplicationSupportsIndirectInputEvents = YES;
				INFOPLIST_KEY_UILaunchScreen_Generation = YES;
				INFOPLIST_KEY_UISupportedInterfaceOrientations_iPad = "UIInterfaceOrientationPortrait UIInterfaceOrientationPortraitUpsideDown UIInterfaceOrientationLandscapeLeft UIInterfaceOrientationLandscapeRight";
				INFOPLIST_KEY_UISupportedInterfaceOrientations_iPhone = "UIInterfaceOrientationPortrait UIInterfaceOrientationLandscapeLeft UIInterfaceOrientationLandscapeRight";
				LD_RUNPATH_SEARCH_PATHS = (
					"$(inherited)",
					"@executable_path/Frameworks",
				);
				MARKETING_VERSION = 1.0;
				PRODUCT_BUNDLE_IDENTIFIER = com.calendone.CalendoneApp;
				PRODUCT_NAME = "$(TARGET_NAME)";
				SWIFT_EMIT_LOC_STRINGS = YES;
				SWIFT_VERSION = 5.0;
				TARGETED_DEVICE_FAMILY = "1,2";
			};
			name = Release;
		};
/* End XCBuildConfiguration section */

/* Begin XCConfigurationList section */
		7AB5610D2B17EC950096444B /* Build configuration list for PBXProject "Calendone" */ = {
			isa = XCConfigurationList;
			buildConfigurations = (
				7AB5611E2B17EC960096444B /* Debug */,
				7AB5611F2B17EC960096444B /* Release */,
			);
			defaultConfigurationIsVisible = 0;
			defaultConfigurationName = Release;
		};
		7AB561202B17EC960096444B /* Build configuration list for PBXNativeTarget "Calendone" */ = {
			isa = XCConfigurationList;
			buildConfigurations = (
				7AB561212B17EC960096444B /* Debug */,
				7AB561222B17EC960096444B /* Release */,
			);
			defaultConfigurationIsVisible = 0;
			defaultConfigurationName = Release;
		};
/* End XCConfigurationList section */

/* Begin XCRemoteSwiftPackageReference section */
		7AC9716E2B62F6210065BE50 /* XCRemoteSwiftPackageReference "firebase-ios-sdk" */ = {
			isa = XCRemoteSwiftPackageReference;
			repositoryURL = "https://github.com/firebase/firebase-ios-sdk.git";
			requirement = {
				kind = upToNextMajorVersion;
				minimumVersion = 10.20.0;
			};
		};
/* End XCRemoteSwiftPackageReference section */

/* Begin XCSwiftPackageProductDependency section */
		7AC9716F2B62F6210065BE50 /* FirebaseAnalytics */ = {
			isa = XCSwiftPackageProductDependency;
			package = 7AC9716E2B62F6210065BE50 /* XCRemoteSwiftPackageReference "firebase-ios-sdk" */;
			productName = FirebaseAnalytics;
		};
		7AC971712B62F6210065BE50 /* FirebaseAnalyticsOnDeviceConversion */ = {
			isa = XCSwiftPackageProductDependency;
			package = 7AC9716E2B62F6210065BE50 /* XCRemoteSwiftPackageReference "firebase-ios-sdk" */;
			productName = FirebaseAnalyticsOnDeviceConversion;
		};
		7AC971732B62F6210065BE50 /* FirebaseAnalyticsSwift */ = {
			isa = XCSwiftPackageProductDependency;
			package = 7AC9716E2B62F6210065BE50 /* XCRemoteSwiftPackageReference "firebase-ios-sdk" */;
			productName = FirebaseAnalyticsSwift;
		};
		7AC971752B62F6210065BE50 /* FirebaseAnalyticsWithoutAdIdSupport */ = {
			isa = XCSwiftPackageProductDependency;
			package = 7AC9716E2B62F6210065BE50 /* XCRemoteSwiftPackageReference "firebase-ios-sdk" */;
			productName = FirebaseAnalyticsWithoutAdIdSupport;
		};
		7AC971772B62F6210065BE50 /* FirebaseAppCheck */ = {
			isa = XCSwiftPackageProductDependency;
			package = 7AC9716E2B62F6210065BE50 /* XCRemoteSwiftPackageReference "firebase-ios-sdk" */;
			productName = FirebaseAppCheck;
		};
/* End XCSwiftPackageProductDependency section */
	};
	rootObject = 7AB5610A2B17EC950096444B /* Project object */;
}
